// !$*UTF8*$!
{
	archiveVersion = 1;
	classes = {
	};
	objectVersion = 46;
	objects = {

/* Begin PBXBuildFile section */
		BC64B64F1F5BAF74009FFB19 /* main.m in Sources */ = {isa = PBXBuildFile; fileRef = BC64B64E1F5BAF74009FFB19 /* main.m */; };
		BC64B6521F5BAF74009FFB19 /* AppDelegate.m in Sources */ = {isa = PBXBuildFile; fileRef = BC64B6511F5BAF74009FFB19 /* AppDelegate.m */; };
		BC64B6551F5BAF74009FFB19 /* ViewController.m in Sources */ = {isa = PBXBuildFile; fileRef = BC64B6541F5BAF74009FFB19 /* ViewController.m */; };
		BC64B6581F5BAF74009FFB19 /* Main.storyboard in Resources */ = {isa = PBXBuildFile; fileRef = BC64B6561F5BAF74009FFB19 /* Main.storyboard */; };
		BC64B65A1F5BAF74009FFB19 /* Assets.xcassets in Resources */ = {isa = PBXBuildFile; fileRef = BC64B6591F5BAF74009FFB19 /* Assets.xcassets */; };
		BC64B65D1F5BAF74009FFB19 /* LaunchScreen.storyboard in Resources */ = {isa = PBXBuildFile; fileRef = BC64B65B1F5BAF74009FFB19 /* LaunchScreen.storyboard */; };
		BC64B6681F5BAF74009FFB19 /* weiweiTests.m in Sources */ = {isa = PBXBuildFile; fileRef = BC64B6671F5BAF74009FFB19 /* weiweiTests.m */; };
		BC64B6731F5BAF74009FFB19 /* weiweiUITests.m in Sources */ = {isa = PBXBuildFile; fileRef = BC64B6721F5BAF74009FFB19 /* weiweiUITests.m */; };
		BC64B6821F5BB529009FFB19 /* dog.m in Sources */ = {isa = PBXBuildFile; fileRef = BC64B6811F5BB529009FFB19 /* dog.m */; };
/* End PBXBuildFile section */

/* Begin PBXContainerItemProxy section */
		BC64B6641F5BAF74009FFB19 /* PBXContainerItemProxy */ = {
			isa = PBXContainerItemProxy;
			containerPortal = BC64B6421F5BAF74009FFB19 /* Project object */;
			proxyType = 1;
			remoteGlobalIDString = BC64B6491F5BAF74009FFB19;
			remoteInfo = weiwei;
		};
		BC64B66F1F5BAF74009FFB19 /* PBXContainerItemProxy */ = {
			isa = PBXContainerItemProxy;
			containerPortal = BC64B6421F5BAF74009FFB19 /* Project object */;
			proxyType = 1;
			remoteGlobalIDString = BC64B6491F5BAF74009FFB19;
			remoteInfo = weiwei;
		};
/* End PBXContainerItemProxy section */

/* Begin PBXFileReference section */
		BC64B64A1F5BAF74009FFB19 /* weiwei.app */ = {isa = PBXFileReference; explicitFileType = wrapper.application; includeInIndex = 0; path = weiwei.app; sourceTree = BUILT_PRODUCTS_DIR; };
		BC64B64E1F5BAF74009FFB19 /* main.m */ = {isa = PBXFileReference; lastKnownFileType = sourcecode.c.objc; path = main.m; sourceTree = "<group>"; };
		BC64B6501F5BAF74009FFB19 /* AppDelegate.h */ = {isa = PBXFileReference; lastKnownFileType = sourcecode.c.h; path = AppDelegate.h; sourceTree = "<group>"; };
		BC64B6511F5BAF74009FFB19 /* AppDelegate.m */ = {isa = PBXFileReference; lastKnownFileType = sourcecode.c.objc; path = AppDelegate.m; sourceTree = "<group>"; };
		BC64B6531F5BAF74009FFB19 /* ViewController.h */ = {isa = PBXFileReference; lastKnownFileType = sourcecode.c.h; path = ViewController.h; sourceTree = "<group>"; };
		BC64B6541F5BAF74009FFB19 /* ViewController.m */ = {isa = PBXFileReference; lastKnownFileType = sourcecode.c.objc; path = ViewController.m; sourceTree = "<group>"; };
		BC64B6571F5BAF74009FFB19 /* Base */ = {isa = PBXFileReference; lastKnownFileType = file.storyboard; name = Base; path = Base.lproj/Main.storyboard; sourceTree = "<group>"; };
		BC64B6591F5BAF74009FFB19 /* Assets.xcassets */ = {isa = PBXFileReference; lastKnownFileType = folder.assetcatalog; path = Assets.xcassets; sourceTree = "<group>"; };
		BC64B65C1F5BAF74009FFB19 /* Base */ = {isa = PBXFileReference; lastKnownFileType = file.storyboard; name = Base; path = Base.lproj/LaunchScreen.storyboard; sourceTree = "<group>"; };
		BC64B65E1F5BAF74009FFB19 /* Info.plist */ = {isa = PBXFileReference; lastKnownFileType = text.plist.xml; path = Info.plist; sourceTree = "<group>"; };
		BC64B6631F5BAF74009FFB19 /* weiweiTests.xctest */ = {isa = PBXFileReference; explicitFileType = wrapper.cfbundle; includeInIndex = 0; path = weiweiTests.xctest; sourceTree = BUILT_PRODUCTS_DIR; };
		BC64B6671F5BAF74009FFB19 /* weiweiTests.m */ = {isa = PBXFileReference; lastKnownFileType = sourcecode.c.objc; path = weiweiTests.m; sourceTree = "<group>"; };
		BC64B6691F5BAF74009FFB19 /* Info.plist */ = {isa = PBXFileReference; lastKnownFileType = text.plist.xml; path = Info.plist; sourceTree = "<group>"; };
		BC64B66E1F5BAF74009FFB19 /* weiweiUITests.xctest */ = {isa = PBXFileReference; explicitFileType = wrapper.cfbundle; includeInIndex = 0; path = weiweiUITests.xctest; sourceTree = BUILT_PRODUCTS_DIR; };
		BC64B6721F5BAF74009FFB19 /* weiweiUITests.m */ = {isa = PBXFileReference; lastKnownFileType = sourcecode.c.objc; path = weiweiUITests.m; sourceTree = "<group>"; };
		BC64B6741F5BAF74009FFB19 /* Info.plist */ = {isa = PBXFileReference; lastKnownFileType = text.plist.xml; path = Info.plist; sourceTree = "<group>"; };
		BC64B6801F5BB529009FFB19 /* dog.h */ = {isa = PBXFileReference; fileEncoding = 4; lastKnownFileType = sourcecode.c.h; path = dog.h; sourceTree = "<group>"; };
		BC64B6811F5BB529009FFB19 /* dog.m */ = {isa = PBXFileReference; fileEncoding = 4; lastKnownFileType = sourcecode.c.objc; path = dog.m; sourceTree = "<group>"; };
/* End PBXFileReference section */

/* Begin PBXFrameworksBuildPhase section */
		BC64B6471F5BAF74009FFB19 /* Frameworks */ = {
			isa = PBXFrameworksBuildPhase;
			buildActionMask = 2147483647;
			files = (
			);
			runOnlyForDeploymentPostprocessing = 0;
		};
		BC64B6601F5BAF74009FFB19 /* Frameworks */ = {
			isa = PBXFrameworksBuildPhase;
			buildActionMask = 2147483647;
			files = (
			);
			runOnlyForDeploymentPostprocessing = 0;
		};
		BC64B66B1F5BAF74009FFB19 /* Frameworks */ = {
			isa = PBXFrameworksBuildPhase;
			buildActionMask = 2147483647;
			files = (
			);
			runOnlyForDeploymentPostprocessing = 0;
		};
/* End PBXFrameworksBuildPhase section */

/* Begin PBXGroup section */
		BC64B6411F5BAF74009FFB19 = {
			isa = PBXGroup;
			children = (
				BC64B64C1F5BAF74009FFB19 /* weiwei */,
				BC64B6661F5BAF74009FFB19 /* weiweiTests */,
				BC64B6711F5BAF74009FFB19 /* weiweiUITests */,
				BC64B64B1F5BAF74009FFB19 /* Products */,
			);
			sourceTree = "<group>";
		};
		BC64B64B1F5BAF74009FFB19 /* Products */ = {
			isa = PBXGroup;
			children = (
				BC64B64A1F5BAF74009FFB19 /* weiwei.app */,
				BC64B6631F5BAF74009FFB19 /* weiweiTests.xctest */,
				BC64B66E1F5BAF74009FFB19 /* weiweiUITests.xctest */,
			);
			name = Products;
			sourceTree = "<group>";
		};
		BC64B64C1F5BAF74009FFB19 /* weiwei */ = {
			isa = PBXGroup;
			children = (
				BC64B6501F5BAF74009FFB19 /* AppDelegate.h */,
				BC64B6511F5BAF74009FFB19 /* AppDelegate.m */,
				BC64B6531F5BAF74009FFB19 /* ViewController.h */,
				BC64B6541F5BAF74009FFB19 /* ViewController.m */,
				BC64B6801F5BB529009FFB19 /* dog.h */,
				BC64B6811F5BB529009FFB19 /* dog.m */,
				BC64B6561F5BAF74009FFB19 /* Main.storyboard */,
				BC64B6591F5BAF74009FFB19 /* Assets.xcassets */,
				BC64B65B1F5BAF74009FFB19 /* LaunchScreen.storyboard */,
				BC64B65E1F5BAF74009FFB19 /* Info.plist */,
				BC64B64D1F5BAF74009FFB19 /* Supporting Files */,
			);
			path = weiwei;
			sourceTree = "<group>";
		};
		BC64B64D1F5BAF74009FFB19 /* Supporting Files */ = {
			isa = PBXGroup;
			children = (
				BC64B64E1F5BAF74009FFB19 /* main.m */,
			);
			name = "Supporting Files";
			sourceTree = "<group>";
		};
		BC64B6661F5BAF74009FFB19 /* weiweiTests */ = {
			isa = PBXGroup;
			children = (
				BC64B6671F5BAF74009FFB19 /* weiweiTests.m */,
				BC64B6691F5BAF74009FFB19 /* Info.plist */,
			);
			path = weiweiTests;
			sourceTree = "<group>";
		};
		BC64B6711F5BAF74009FFB19 /* weiweiUITests */ = {
			isa = PBXGroup;
			children = (
				BC64B6721F5BAF74009FFB19 /* weiweiUITests.m */,
				BC64B6741F5BAF74009FFB19 /* Info.plist */,
			);
			path = weiweiUITests;
			sourceTree = "<group>";
		};
/* End PBXGroup section */

/* Begin PBXNativeTarget section */
		BC64B6491F5BAF74009FFB19 /* weiwei */ = {
			isa = PBXNativeTarget;
			buildConfigurationList = BC64B6771F5BAF74009FFB19 /* Build configuration list for PBXNativeTarget "weiwei" */;
			buildPhases = (
				BC64B6461F5BAF74009FFB19 /* Sources */,
				BC64B6471F5BAF74009FFB19 /* Frameworks */,
				BC64B6481F5BAF74009FFB19 /* Resources */,
			);
			buildRules = (
			);
			dependencies = (
			);
			name = weiwei;
			productName = weiwei;
			productReference = BC64B64A1F5BAF74009FFB19 /* weiwei.app */;
			productType = "com.apple.product-type.application";
		};
		BC64B6621F5BAF74009FFB19 /* weiweiTests */ = {
			isa = PBXNativeTarget;
			buildConfigurationList = BC64B67A1F5BAF74009FFB19 /* Build configuration list for PBXNativeTarget "weiweiTests" */;
			buildPhases = (
				BC64B65F1F5BAF74009FFB19 /* Sources */,
				BC64B6601F5BAF74009FFB19 /* Frameworks */,
				BC64B6611F5BAF74009FFB19 /* Resources */,
			);
			buildRules = (
			);
			dependencies = (
				BC64B6651F5BAF74009FFB19 /* PBXTargetDependency */,
			);
			name = weiweiTests;
			productName = weiweiTests;
			productReference = BC64B6631F5BAF74009FFB19 /* weiweiTests.xctest */;
			productType = "com.apple.product-type.bundle.unit-test";
		};
		BC64B66D1F5BAF74009FFB19 /* weiweiUITests */ = {
			isa = PBXNativeTarget;
			buildConfigurationList = BC64B67D1F5BAF74009FFB19 /* Build configuration list for PBXNativeTarget "weiweiUITests" */;
			buildPhases = (
				BC64B66A1F5BAF74009FFB19 /* Sources */,
				BC64B66B1F5BAF74009FFB19 /* Frameworks */,
				BC64B66C1F5BAF74009FFB19 /* Resources */,
			);
			buildRules = (
			);
			dependencies = (
				BC64B6701F5BAF74009FFB19 /* PBXTargetDependency */,
			);
			name = weiweiUITests;
			productName = weiweiUITests;
			productReference = BC64B66E1F5BAF74009FFB19 /* weiweiUITests.xctest */;
			productType = "com.apple.product-type.bundle.ui-testing";
		};
/* End PBXNativeTarget section */

/* Begin PBXProject section */
		BC64B6421F5BAF74009FFB19 /* Project object */ = {
			isa = PBXProject;
			attributes = {
				LastUpgradeCheck = 0820;
				ORGANIZATIONNAME = taoyang;
				TargetAttributes = {
					BC64B6491F5BAF74009FFB19 = {
						CreatedOnToolsVersion = 8.2.1;
						DevelopmentTeam = 32HEX72TRH;
						ProvisioningStyle = Automatic;
					};
					BC64B6621F5BAF74009FFB19 = {
						CreatedOnToolsVersion = 8.2.1;
						DevelopmentTeam = 32HEX72TRH;
						ProvisioningStyle = Automatic;
						TestTargetID = BC64B6491F5BAF74009FFB19;
					};
					BC64B66D1F5BAF74009FFB19 = {
						CreatedOnToolsVersion = 8.2.1;
						DevelopmentTeam = 32HEX72TRH;
						ProvisioningStyle = Automatic;
						TestTargetID = BC64B6491F5BAF74009FFB19;
					};
				};
			};
			buildConfigurationList = BC64B6451F5BAF74009FFB19 /* Build configuration list for PBXProject "weiwei" */;
			compatibilityVersion = "Xcode 3.2";
			developmentRegion = English;
			hasScannedForEncodings = 0;
			knownRegions = (
				en,
				Base,
			);
			mainGroup = BC64B6411F5BAF74009FFB19;
			productRefGroup = BC64B64B1F5BAF74009FFB19 /* Products */;
			projectDirPath = "";
			projectRoot = "";
			targets = (
				BC64B6491F5BAF74009FFB19 /* weiwei */,
				BC64B6621F5BAF74009FFB19 /* weiweiTests */,
				BC64B66D1F5BAF74009FFB19 /* weiweiUITests */,
			);
		};
/* End PBXProject section */

/* Begin PBXResourcesBuildPhase section */
		BC64B6481F5BAF74009FFB19 /* Resources */ = {
			isa = PBXResourcesBuildPhase;
			buildActionMask = 2147483647;
			files = (
				BC64B65D1F5BAF74009FFB19 /* LaunchScreen.storyboard in Resources */,
				BC64B65A1F5BAF74009FFB19 /* Assets.xcassets in Resources */,
				BC64B6581F5BAF74009FFB19 /* Main.storyboard in Resources */,
			);
			runOnlyForDeploymentPostprocessing = 0;
		};
		BC64B6611F5BAF74009FFB19 /* Resources */ = {
			isa = PBXResourcesBuildPhase;
			buildActionMask = 2147483647;
			files = (
			);
			runOnlyForDeploymentPostprocessing = 0;
		};
		BC64B66C1F5BAF74009FFB19 /* Resources */ = {
			isa = PBXResourcesBuildPhase;
			buildActionMask = 2147483647;
			files = (
			);
			runOnlyForDeploymentPostprocessing = 0;
		};
/* End PBXResourcesBuildPhase section */

/* Begin PBXSourcesBuildPhase section */
		BC64B6461F5BAF74009FFB19 /* Sources */ = {
			isa = PBXSourcesBuildPhase;
			buildActionMask = 2147483647;
			files = (
				BC64B6551F5BAF74009FFB19 /* ViewController.m in Sources */,
				BC64B6521F5BAF74009FFB19 /* AppDelegate.m in Sources */,
				BC64B6821F5BB529009FFB19 /* dog.m in Sources */,
				BC64B64F1F5BAF74009FFB19 /* main.m in Sources */,
			);
			runOnlyForDeploymentPostprocessing = 0;
		};
		BC64B65F1F5BAF74009FFB19 /* Sources */ = {
			isa = PBXSourcesBuildPhase;
			buildActionMask = 2147483647;
			files = (
				BC64B6681F5BAF74009FFB19 /* weiweiTests.m in Sources */,
			);
			runOnlyForDeploymentPostprocessing = 0;
		};
		BC64B66A1F5BAF74009FFB19 /* Sources */ = {
			isa = PBXSourcesBuildPhase;
			buildActionMask = 2147483647;
			files = (
				BC64B6731F5BAF74009FFB19 /* weiweiUITests.m in Sources */,
			);
			runOnlyForDeploymentPostprocessing = 0;
		};
/* End PBXSourcesBuildPhase section */

/* Begin PBXTargetDependency section */
		BC64B6651F5BAF74009FFB19 /* PBXTargetDependency */ = {
			isa = PBXTargetDependency;
			target = BC64B6491F5BAF74009FFB19 /* weiwei */;
			targetProxy = BC64B6641F5BAF74009FFB19 /* PBXContainerItemProxy */;
		};
		BC64B6701F5BAF74009FFB19 /* PBXTargetDependency */ = {
			isa = PBXTargetDependency;
			target = BC64B6491F5BAF74009FFB19 /* weiwei */;
			targetProxy = BC64B66F1F5BAF74009FFB19 /* PBXContainerItemProxy */;
		};
/* End PBXTargetDependency section */

/* Begin PBXVariantGroup section */
		BC64B6561F5BAF74009FFB19 /* Main.storyboard */ = {
			isa = PBXVariantGroup;
			children = (
				BC64B6571F5BAF74009FFB19 /* Base */,
			);
			name = Main.storyboard;
			sourceTree = "<group>";
		};
		BC64B65B1F5BAF74009FFB19 /* LaunchScreen.storyboard */ = {
			isa = PBXVariantGroup;
			children = (
				BC64B65C1F5BAF74009FFB19 /* Base */,
			);
			name = LaunchScreen.storyboard;
			sourceTree = "<group>";
		};
/* End PBXVariantGroup section */

/* Begin XCBuildConfiguration section */
		BC64B6751F5BAF74009FFB19 /* Debug */ = {
			isa = XCBuildConfiguration;
			buildSettings = {
				ALWAYS_SEARCH_USER_PATHS = NO;
				CLANG_ANALYZER_NONNULL = YES;
				CLANG_CXX_LANGUAGE_STANDARD = "gnu++0x";
				CLANG_CXX_LIBRARY = "libc++";
				CLANG_ENABLE_MODULES = YES;
				CLANG_ENABLE_OBJC_ARC = YES;
				CLANG_WARN_BOOL_CONVERSION = YES;
				CLANG_WARN_CONSTANT_CONVERSION = YES;
				CLANG_WARN_DIRECT_OBJC_ISA_USAGE = YES_ERROR;
				CLANG_WARN_DOCUMENTATION_COMMENTS = YES;
				CLANG_WARN_EMPTY_BODY = YES;
				CLANG_WARN_ENUM_CONVERSION = YES;
				CLANG_WARN_INFINITE_RECURSION = YES;
				CLANG_WARN_INT_CONVERSION = YES;
				CLANG_WARN_OBJC_ROOT_CLASS = YES_ERROR;
				CLANG_WARN_SUSPICIOUS_MOVE = YES;
				CLANG_WARN_UNREACHABLE_CODE = YES;
				CLANG_WARN__DUPLICATE_METHOD_MATCH = YES;
				"CODE_SIGN_IDENTITY[sdk=iphoneos*]" = "iPhone Developer";
				COPY_PHASE_STRIP = NO;
				DEBUG_INFORMATION_FORMAT = dwarf;
				ENABLE_STRICT_OBJC_MSGSEND = YES;
				ENABLE_TESTABILITY = YES;
				GCC_C_LANGUAGE_STANDARD = gnu99;
				GCC_DYNAMIC_NO_PIC = NO;
				GCC_NO_COMMON_BLOCKS = YES;
				GCC_OPTIMIZATION_LEVEL = 0;
				GCC_PREPROCESSOR_DEFINITIONS = (
					"DEBUG=1",
					"$(inherited)",
				);
				GCC_WARN_64_TO_32_BIT_CONVERSION = YES;
				GCC_WARN_ABOUT_RETURN_TYPE = YES_ERROR;
				GCC_WARN_UNDECLARED_SELECTOR = YES;
				GCC_WARN_UNINITIALIZED_AUTOS = YES_AGGRESSIVE;
				GCC_WARN_UNUSED_FUNCTION = YES;
				GCC_WARN_UNUSED_VARIABLE = YES;
				IPHONEOS_DEPLOYMENT_TARGET = 10.2;
				MTL_ENABLE_DEBUG_INFO = YES;
				ONLY_ACTIVE_ARCH = YES;
				SDKROOT = iphoneos;
			};
			name = Debug;
		};
		BC64B6761F5BAF74009FFB19 /* Release */ = {
			isa = XCBuildConfiguration;
			buildSettings = {
				ALWAYS_SEARCH_USER_PATHS = NO;
				CLANG_ANALYZER_NONNULL = YES;
				CLANG_CXX_LANGUAGE_STANDARD = "gnu++0x";
				CLANG_CXX_LIBRARY = "libc++";
				CLANG_ENABLE_MODULES = YES;
				CLANG_ENABLE_OBJC_ARC = YES;
				CLANG_WARN_BOOL_CONVERSION = YES;
				CLANG_WARN_CONSTANT_CONVERSION = YES;
				CLANG_WARN_DIRECT_OBJC_ISA_USAGE = YES_ERROR;
				CLANG_WARN_DOCUMENTATION_COMMENTS = YES;
				CLANG_WARN_EMPTY_BODY = YES;
				CLANG_WARN_ENUM_CONVERSION = YES;
				CLANG_WARN_INFINITE_RECURSION = YES;
				CLANG_WARN_INT_CONVERSION = YES;
				CLANG_WARN_OBJC_ROOT_CLASS = YES_ERROR;
				CLANG_WARN_SUSPICIOUS_MOVE = YES;
				CLANG_WARN_UNREACHABLE_CODE = YES;
				CLANG_WARN__DUPLICATE_METHOD_MATCH = YES;
				"CODE_SIGN_IDENTITY[sdk=iphoneos*]" = "iPhone Developer";
				COPY_PHASE_STRIP = NO;
				DEBUG_INFORMATION_FORMAT = "dwarf-with-dsym";
				ENABLE_NS_ASSERTIONS = NO;
				ENABLE_STRICT_OBJC_MSGSEND = YES;
				GCC_C_LANGUAGE_STANDARD = gnu99;
				GCC_NO_COMMON_BLOCKS = YES;
				GCC_WARN_64_TO_32_BIT_CONVERSION = YES;
				GCC_WARN_ABOUT_RETURN_TYPE = YES_ERROR;
				GCC_WARN_UNDECLARED_SELECTOR = YES;
				GCC_WARN_UNINITIALIZED_AUTOS = YES_AGGRESSIVE;
				GCC_WARN_UNUSED_FUNCTION = YES;
				GCC_WARN_UNUSED_VARIABLE = YES;
				IPHONEOS_DEPLOYMENT_TARGET = 10.2;
				MTL_ENABLE_DEBUG_INFO = NO;
				SDKROOT = iphoneos;
				VALIDATE_PRODUCT = YES;
			};
			name = Release;
		};
		BC64B6781F5BAF74009FFB19 /* Debug */ = {
			isa = XCBuildConfiguration;
			buildSettings = {
				ASSETCATALOG_COMPILER_APPICON_NAME = AppIcon;
				DEVELOPMENT_TEAM = 32HEX72TRH;
				INFOPLIST_FILE = weiwei/Info.plist;
				LD_RUNPATH_SEARCH_PATHS = "$(inherited) @executable_path/Frameworks";
				PRODUCT_BUNDLE_IDENTIFIER = brcb.com.weiwei;
				PRODUCT_NAME = "$(TARGET_NAME)";
			};
			name = Debug;
		};
		BC64B6791F5BAF74009FFB19 /* Release */ = {
			isa = XCBuildConfiguration;
			buildSettings = {
				ASSETCATALOG_COMPILER_APPICON_NAME = AppIcon;
				DEVELOPMENT_TEAM = 32HEX72TRH;
				INFOPLIST_FILE = weiwei/Info.plist;
				LD_RUNPATH_SEARCH_PATHS = "$(inherited) @executable_path/Frameworks";
				PRODUCT_BUNDLE_IDENTIFIER = brcb.com.weiwei;
				PRODUCT_NAME = "$(TARGET_NAME)";
			};
			name = Release;
		};
		BC64B67B1F5BAF74009FFB19 /* Debug */ = {
			isa = XCBuildConfiguration;
			buildSettings = {
				BUNDLE_LOADER = "$(TEST_HOST)";
				DEVELOPMENT_TEAM = 32HEX72TRH;
				INFOPLIST_FILE = weiweiTests/Info.plist;
				LD_RUNPATH_SEARCH_PATHS = "$(inherited) @executable_path/Frameworks @loader_path/Frameworks";
				PRODUCT_BUNDLE_IDENTIFIER = brcb.com.weiweiTests;
				PRODUCT_NAME = "$(TARGET_NAME)";
				TEST_HOST = "$(BUILT_PRODUCTS_DIR)/weiwei.app/weiwei";
			};
			name = Debug;
		};
		BC64B67C1F5BAF74009FFB19 /* Release */ = {
			isa = XCBuildConfiguration;
			buildSettings = {
				BUNDLE_LOADER = "$(TEST_HOST)";
				DEVELOPMENT_TEAM = 32HEX72TRH;
				INFOPLIST_FILE = weiweiTests/Info.plist;
				LD_RUNPATH_SEARCH_PATHS = "$(inherited) @executable_path/Frameworks @loader_path/Frameworks";
				PRODUCT_BUNDLE_IDENTIFIER = brcb.com.weiweiTests;
				PRODUCT_NAME = "$(TARGET_NAME)";
				TEST_HOST = "$(BUILT_PRODUCTS_DIR)/weiwei.app/weiwei";
			};
			name = Release;
		};
		BC64B67E1F5BAF74009FFB19 /* Debug */ = {
			isa = XCBuildConfiguration;
			buildSettings = {
				DEVELOPMENT_TEAM = 32HEX72TRH;
				INFOPLIST_FILE = weiweiUITests/Info.plist;
				LD_RUNPATH_SEARCH_PATHS = "$(inherited) @executable_path/Frameworks @loader_path/Frameworks";
				PRODUCT_BUNDLE_IDENTIFIER = brcb.com.weiweiUITests;
				PRODUCT_NAME = "$(TARGET_NAME)";
				TEST_TARGET_NAME = weiwei;
			};
			name = Debug;
		};
		BC64B67F1F5BAF74009FFB19 /* Release */ = {
			isa = XCBuildConfiguration;
			buildSettings = {
				DEVELOPMENT_TEAM = 32HEX72TRH;
				INFOPLIST_FILE = weiweiUITests/Info.plist;
				LD_RUNPATH_SEARCH_PATHS = "$(inherited) @executable_path/Frameworks @loader_path/Frameworks";
				PRODUCT_BUNDLE_IDENTIFIER = brcb.com.weiweiUITests;
				PRODUCT_NAME = "$(TARGET_NAME)";
				TEST_TARGET_NAME = weiwei;
			};
			name = Release;
		};
/* End XCBuildConfiguration section */

/* Begin XCConfigurationList section */
		BC64B6451F5BAF74009FFB19 /* Build configuration list for PBXProject "weiwei" */ = {
			isa = XCConfigurationList;
			buildConfigurations = (
				BC64B6751F5BAF74009FFB19 /* Debug */,
				BC64B6761F5BAF74009FFB19 /* Release */,
			);
			defaultConfigurationIsVisible = 0;
			defaultConfigurationName = Release;
		};
		BC64B6771F5BAF74009FFB19 /* Build configuration list for PBXNativeTarget "weiwei" */ = {
			isa = XCConfigurationList;
			buildConfigurations = (
				BC64B6781F5BAF74009FFB19 /* Debug */,
				BC64B6791F5BAF74009FFB19 /* Release */,
			);
			defaultConfigurationIsVisible = 0;
			defaultConfigurationName = Release;
		};
		BC64B67A1F5BAF74009FFB19 /* Build configuration list for PBXNativeTarget "weiweiTests" */ = {
			isa = XCConfigurationList;
			buildConfigurations = (
				BC64B67B1F5BAF74009FFB19 /* Debug */,
				BC64B67C1F5BAF74009FFB19 /* Release */,
			);
			defaultConfigurationIsVisible = 0;
			defaultConfigurationName = Release;
		};
		BC64B67D1F5BAF74009FFB19 /* Build configuration list for PBXNativeTarget "weiweiUITests" */ = {
			isa = XCConfigurationList;
			buildConfigurations = (
				BC64B67E1F5BAF74009FFB19 /* Debug */,
				BC64B67F1F5BAF74009FFB19 /* Release */,
			);
			defaultConfigurationIsVisible = 0;
			defaultConfigurationName = Release;
		};
/* End XCConfigurationList section */
	};
	rootObject = BC64B6421F5BAF74009FFB19 /* Project object */;
}
